// !$*UTF8*$!
{
	archiveVersion = 1;
	classes = {
	};
	objectVersion = 50;
	objects = {

/* Begin PBXBuildFile section */
		093A15782679115B00D2CD85 /* AppDelegate.swift in Sources */ = {isa = PBXBuildFile; fileRef = 093A15772679115B00D2CD85 /* AppDelegate.swift */; };
		093A157C2679115B00D2CD85 /* HomeViewController.swift in Sources */ = {isa = PBXBuildFile; fileRef = 093A157B2679115B00D2CD85 /* HomeViewController.swift */; };
		093A15812679116B00D2CD85 /* Assets.xcassets in Resources */ = {isa = PBXBuildFile; fileRef = 093A15802679116B00D2CD85 /* Assets.xcassets */; };
		093A15842679116B00D2CD85 /* LaunchScreen.storyboard in Resources */ = {isa = PBXBuildFile; fileRef = 093A15822679116B00D2CD85 /* LaunchScreen.storyboard */; };
		093A1590267953F800D2CD85 /* MainController.swift in Sources */ = {isa = PBXBuildFile; fileRef = 093A158F267953F800D2CD85 /* MainController.swift */; };
		093A1592267957F700D2CD85 /* VirtualCardController.swift in Sources */ = {isa = PBXBuildFile; fileRef = 093A1591267957F700D2CD85 /* VirtualCardController.swift */; };
		093A15942679596C00D2CD85 /* TabViewController.swift in Sources */ = {isa = PBXBuildFile; fileRef = 093A15932679596C00D2CD85 /* TabViewController.swift */; };
		093A1596267A7FD000D2CD85 /* SettingsViewController.swift in Sources */ = {isa = PBXBuildFile; fileRef = 093A1595267A7FD000D2CD85 /* SettingsViewController.swift */; };
		09BF40D32680FA71007C551C /* ConfigTableViewCell.swift in Sources */ = {isa = PBXBuildFile; fileRef = 09BF40D22680FA71007C551C /* ConfigTableViewCell.swift */; };
		09BF40D6268128C7007C551C /* LoginController.swift in Sources */ = {isa = PBXBuildFile; fileRef = 09BF40D5268128C7007C551C /* LoginController.swift */; };
		09BF40D926828146007C551C /* StackViewEx1Controller.swift in Sources */ = {isa = PBXBuildFile; fileRef = 09BF40D826828146007C551C /* StackViewEx1Controller.swift */; };
		09BF40DB2683BB8E007C551C /* AutoLayoutTestViewController.swift in Sources */ = {isa = PBXBuildFile; fileRef = 09BF40DA2683BB8E007C551C /* AutoLayoutTestViewController.swift */; };
		09BF40DD26852A64007C551C /* HomeTableViewCell.swift in Sources */ = {isa = PBXBuildFile; fileRef = 09BF40DC26852A64007C551C /* HomeTableViewCell.swift */; };
/* End PBXBuildFile section */

/* Begin PBXFileReference section */
		093A15742679115B00D2CD85 /* caixatemclone.app */ = {isa = PBXFileReference; explicitFileType = wrapper.application; includeInIndex = 0; path = caixatemclone.app; sourceTree = BUILT_PRODUCTS_DIR; };
		093A15772679115B00D2CD85 /* AppDelegate.swift */ = {isa = PBXFileReference; lastKnownFileType = sourcecode.swift; path = AppDelegate.swift; sourceTree = "<group>"; };
		093A157B2679115B00D2CD85 /* HomeViewController.swift */ = {isa = PBXFileReference; lastKnownFileType = sourcecode.swift; path = HomeViewController.swift; sourceTree = "<group>"; };
		093A15802679116B00D2CD85 /* Assets.xcassets */ = {isa = PBXFileReference; lastKnownFileType = folder.assetcatalog; path = Assets.xcassets; sourceTree = "<group>"; };
		093A15832679116B00D2CD85 /* Base */ = {isa = PBXFileReference; lastKnownFileType = file.storyboard; name = Base; path = Base.lproj/LaunchScreen.storyboard; sourceTree = "<group>"; };
		093A15852679116B00D2CD85 /* Info.plist */ = {isa = PBXFileReference; lastKnownFileType = text.plist.xml; path = Info.plist; sourceTree = "<group>"; };
		093A158F267953F800D2CD85 /* MainController.swift */ = {isa = PBXFileReference; lastKnownFileType = sourcecode.swift; path = MainController.swift; sourceTree = "<group>"; };
		093A1591267957F700D2CD85 /* VirtualCardController.swift */ = {isa = PBXFileReference; lastKnownFileType = sourcecode.swift; path = VirtualCardController.swift; sourceTree = "<group>"; };
		093A15932679596C00D2CD85 /* TabViewController.swift */ = {isa = PBXFileReference; lastKnownFileType = sourcecode.swift; path = TabViewController.swift; sourceTree = "<group>"; };
		093A1595267A7FD000D2CD85 /* SettingsViewController.swift */ = {isa = PBXFileReference; lastKnownFileType = sourcecode.swift; path = SettingsViewController.swift; sourceTree = "<group>"; };
		09BF40D22680FA71007C551C /* ConfigTableViewCell.swift */ = {isa = PBXFileReference; lastKnownFileType = sourcecode.swift; path = ConfigTableViewCell.swift; sourceTree = "<group>"; };
		09BF40D5268128C7007C551C /* LoginController.swift */ = {isa = PBXFileReference; lastKnownFileType = sourcecode.swift; path = LoginController.swift; sourceTree = "<group>"; };
		09BF40D826828146007C551C /* StackViewEx1Controller.swift */ = {isa = PBXFileReference; lastKnownFileType = sourcecode.swift; path = StackViewEx1Controller.swift; sourceTree = "<group>"; };
		09BF40DA2683BB8E007C551C /* AutoLayoutTestViewController.swift */ = {isa = PBXFileReference; lastKnownFileType = sourcecode.swift; path = AutoLayoutTestViewController.swift; sourceTree = "<group>"; };
		09BF40DC26852A64007C551C /* HomeTableViewCell.swift */ = {isa = PBXFileReference; lastKnownFileType = sourcecode.swift; path = HomeTableViewCell.swift; sourceTree = "<group>"; };
/* End PBXFileReference section */

/* Begin PBXFrameworksBuildPhase section */
		093A15712679115B00D2CD85 /* Frameworks */ = {
			isa = PBXFrameworksBuildPhase;
			buildActionMask = 2147483647;
			files = (
			);
			runOnlyForDeploymentPostprocessing = 0;
		};
/* End PBXFrameworksBuildPhase section */

/* Begin PBXGroup section */
		093A156B2679115B00D2CD85 = {
			isa = PBXGroup;
			children = (
				093A15762679115B00D2CD85 /* caixatemclone */,
				093A15752679115B00D2CD85 /* Products */,
			);
			sourceTree = "<group>";
		};
		093A15752679115B00D2CD85 /* Products */ = {
			isa = PBXGroup;
			children = (
				093A15742679115B00D2CD85 /* caixatemclone.app */,
			);
			name = Products;
			sourceTree = "<group>";
		};
		093A15762679115B00D2CD85 /* caixatemclone */ = {
			isa = PBXGroup;
			children = (
				09BF40D12680FA38007C551C /* View */,
				093A158E2679524200D2CD85 /* Controller */,
				093A15772679115B00D2CD85 /* AppDelegate.swift */,
				093A15802679116B00D2CD85 /* Assets.xcassets */,
				093A15822679116B00D2CD85 /* LaunchScreen.storyboard */,
				093A15852679116B00D2CD85 /* Info.plist */,
			);
			path = caixatemclone;
			sourceTree = "<group>";
		};
		093A158E2679524200D2CD85 /* Controller */ = {
			isa = PBXGroup;
			children = (
				09BF40D726828121007C551C /* Samples */,
				09BF40D426812885007C551C /* Login */,
				093A157B2679115B00D2CD85 /* HomeViewController.swift */,
				093A158F267953F800D2CD85 /* MainController.swift */,
				093A1591267957F700D2CD85 /* VirtualCardController.swift */,
				093A15932679596C00D2CD85 /* TabViewController.swift */,
				093A1595267A7FD000D2CD85 /* SettingsViewController.swift */,
			);
			path = Controller;
			sourceTree = "<group>";
		};
		09BF40D12680FA38007C551C /* View */ = {
			isa = PBXGroup;
			children = (
				09BF40D22680FA71007C551C /* ConfigTableViewCell.swift */,
				09BF40DC26852A64007C551C /* HomeTableViewCell.swift */,
			);
			path = View;
			sourceTree = "<group>";
		};
		09BF40D426812885007C551C /* Login */ = {
			isa = PBXGroup;
			children = (
				09BF40D5268128C7007C551C /* LoginController.swift */,
			);
			path = Login;
			sourceTree = "<group>";
		};
		09BF40D726828121007C551C /* Samples */ = {
			isa = PBXGroup;
			children = (
				09BF40D826828146007C551C /* StackViewEx1Controller.swift */,
				09BF40DA2683BB8E007C551C /* AutoLayoutTestViewController.swift */,
			);
			path = Samples;
			sourceTree = "<group>";
		};
/* End PBXGroup section */

/* Begin PBXNativeTarget section */
		093A15732679115B00D2CD85 /* caixatemclone */ = {
			isa = PBXNativeTarget;
			buildConfigurationList = 093A15882679116B00D2CD85 /* Build configuration list for PBXNativeTarget "caixatemclone" */;
			buildPhases = (
				093A15702679115B00D2CD85 /* Sources */,
				093A15712679115B00D2CD85 /* Frameworks */,
				093A15722679115B00D2CD85 /* Resources */,
			);
			buildRules = (
			);
			dependencies = (
			);
			name = caixatemclone;
			productName = caixatemclone;
			productReference = 093A15742679115B00D2CD85 /* caixatemclone.app */;
			productType = "com.apple.product-type.application";
		};
/* End PBXNativeTarget section */

/* Begin PBXProject section */
		093A156C2679115B00D2CD85 /* Project object */ = {
			isa = PBXProject;
			attributes = {
				LastSwiftUpdateCheck = 1250;
				LastUpgradeCheck = 1250;
				TargetAttributes = {
					093A15732679115B00D2CD85 = {
						CreatedOnToolsVersion = 12.5;
					};
				};
			};
			buildConfigurationList = 093A156F2679115B00D2CD85 /* Build configuration list for PBXProject "caixatemclone" */;
			compatibilityVersion = "Xcode 9.3";
			developmentRegion = en;
			hasScannedForEncodings = 0;
			knownRegions = (
				en,
				Base,
			);
			mainGroup = 093A156B2679115B00D2CD85;
			productRefGroup = 093A15752679115B00D2CD85 /* Products */;
			projectDirPath = "";
			projectRoot = "";
			targets = (
				093A15732679115B00D2CD85 /* caixatemclone */,
			);
		};
/* End PBXProject section */

/* Begin PBXResourcesBuildPhase section */
		093A15722679115B00D2CD85 /* Resources */ = {
			isa = PBXResourcesBuildPhase;
			buildActionMask = 2147483647;
			files = (
				093A15842679116B00D2CD85 /* LaunchScreen.storyboard in Resources */,
				093A15812679116B00D2CD85 /* Assets.xcassets in Resources */,
			);
			runOnlyForDeploymentPostprocessing = 0;
		};
/* End PBXResourcesBuildPhase section */

/* Begin PBXSourcesBuildPhase section */
		093A15702679115B00D2CD85 /* Sources */ = {
			isa = PBXSourcesBuildPhase;
			buildActionMask = 2147483647;
			files = (
				093A1590267953F800D2CD85 /* MainController.swift in Sources */,
				09BF40DB2683BB8E007C551C /* AutoLayoutTestViewController.swift in Sources */,
				093A157C2679115B00D2CD85 /* HomeViewController.swift in Sources */,
				09BF40D6268128C7007C551C /* LoginController.swift in Sources */,
				093A15782679115B00D2CD85 /* AppDelegate.swift in Sources */,
				09BF40DD26852A64007C551C /* HomeTableViewCell.swift in Sources */,
				093A15942679596C00D2CD85 /* TabViewController.swift in Sources */,
				093A1592267957F700D2CD85 /* VirtualCardController.swift in Sources */,
				09BF40D32680FA71007C551C /* ConfigTableViewCell.swift in Sources */,
				093A1596267A7FD000D2CD85 /* SettingsViewController.swift in Sources */,
				09BF40D926828146007C551C /* StackViewEx1Controller.swift in Sources */,
			);
			runOnlyForDeploymentPostprocessing = 0;
		};
/* End PBXSourcesBuildPhase section */

/* Begin PBXVariantGroup section */
		093A15822679116B00D2CD85 /* LaunchScreen.storyboard */ = {
			isa = PBXVariantGroup;
			children = (
				093A15832679116B00D2CD85 /* Base */,
			);
			name = LaunchScreen.storyboard;
			sourceTree = "<group>";
		};
/* End PBXVariantGroup section */

/* Begin XCBuildConfiguration section */
		093A15862679116B00D2CD85 /* Debug */ = {
			isa = XCBuildConfiguration;
			buildSettings = {
				ALWAYS_SEARCH_USER_PATHS = NO;
				CLANG_ANALYZER_NONNULL = YES;
				CLANG_ANALYZER_NUMBER_OBJECT_CONVERSION = YES_AGGRESSIVE;
				CLANG_CXX_LANGUAGE_STANDARD = "gnu++14";
				CLANG_CXX_LIBRARY = "libc++";
				CLANG_ENABLE_MODULES = YES;
				CLANG_ENABLE_OBJC_ARC = YES;
				CLANG_ENABLE_OBJC_WEAK = YES;
				CLANG_WARN_BLOCK_CAPTURE_AUTORELEASING = YES;
				CLANG_WARN_BOOL_CONVERSION = YES;
				CLANG_WARN_COMMA = YES;
				CLANG_WARN_CONSTANT_CONVERSION = YES;
				CLANG_WARN_DEPRECATED_OBJC_IMPLEMENTATIONS = YES;
				CLANG_WARN_DIRECT_OBJC_ISA_USAGE = YES_ERROR;
				CLANG_WARN_DOCUMENTATION_COMMENTS = YES;
				CLANG_WARN_EMPTY_BODY = YES;
				CLANG_WARN_ENUM_CONVERSION = YES;
				CLANG_WARN_INFINITE_RECURSION = YES;
				CLANG_WARN_INT_CONVERSION = YES;
				CLANG_WARN_NON_LITERAL_NULL_CONVERSION = YES;
				CLANG_WARN_OBJC_IMPLICIT_RETAIN_SELF = YES;
				CLANG_WARN_OBJC_LITERAL_CONVERSION = YES;
				CLANG_WARN_OBJC_ROOT_CLASS = YES_ERROR;
				CLANG_WARN_QUOTED_INCLUDE_IN_FRAMEWORK_HEADER = YES;
				CLANG_WARN_RANGE_LOOP_ANALYSIS = YES;
				CLANG_WARN_STRICT_PROTOTYPES = YES;
				CLANG_WARN_SUSPICIOUS_MOVE = YES;
				CLANG_WARN_UNGUARDED_AVAILABILITY = YES_AGGRESSIVE;
				CLANG_WARN_UNREACHABLE_CODE = YES;
				CLANG_WARN__DUPLICATE_METHOD_MATCH = YES;
				COPY_PHASE_STRIP = NO;
				DEBUG_INFORMATION_FORMAT = dwarf;
				ENABLE_STRICT_OBJC_MSGSEND = YES;
				ENABLE_TESTABILITY = YES;
				GCC_C_LANGUAGE_STANDARD = gnu11;
				GCC_DYNAMIC_NO_PIC = NO;
				GCC_NO_COMMON_BLOCKS = YES;
				GCC_OPTIMIZATION_LEVEL = 0;
				GCC_PREPROCESSOR_DEFINITIONS = (
					"DEBUG=1",
					"$(inherited)",
				);
				GCC_WARN_64_TO_32_BIT_CONVERSION = YES;
				GCC_WARN_ABOUT_RETURN_TYPE = YES_ERROR;
				GCC_WARN_UNDECLARED_SELECTOR = YES;
				GCC_WARN_UNINITIALIZED_AUTOS = YES_AGGRESSIVE;
				GCC_WARN_UNUSED_FUNCTION = YES;
				GCC_WARN_UNUSED_VARIABLE = YES;
				IPHONEOS_DEPLOYMENT_TARGET = 14.5;
				MTL_ENABLE_DEBUG_INFO = INCLUDE_SOURCE;
				MTL_FAST_MATH = YES;
				ONLY_ACTIVE_ARCH = YES;
				SDKROOT = iphoneos;
				SWIFT_ACTIVE_COMPILATION_CONDITIONS = DEBUG;
				SWIFT_OPTIMIZATION_LEVEL = "-Onone";
			};
			name = Debug;
		};
		093A15872679116B00D2CD85 /* Release */ = {
			isa = XCBuildConfiguration;
			buildSettings = {
				ALWAYS_SEARCH_USER_PATHS = NO;
				CLANG_ANALYZER_NONNULL = YES;
				CLANG_ANALYZER_NUMBER_OBJECT_CONVERSION = YES_AGGRESSIVE;
				CLANG_CXX_LANGUAGE_STANDARD = "gnu++14";
				CLANG_CXX_LIBRARY = "libc++";
				CLANG_ENABLE_MODULES = YES;
				CLANG_ENABLE_OBJC_ARC = YES;
				CLANG_ENABLE_OBJC_WEAK = YES;
				CLANG_WARN_BLOCK_CAPTURE_AUTORELEASING = YES;
				CLANG_WARN_BOOL_CONVERSION = YES;
				CLANG_WARN_COMMA = YES;
				CLANG_WARN_CONSTANT_CONVERSION = YES;
				CLANG_WARN_DEPRECATED_OBJC_IMPLEMENTATIONS = YES;
				CLANG_WARN_DIRECT_OBJC_ISA_USAGE = YES_ERROR;
				CLANG_WARN_DOCUMENTATION_COMMENTS = YES;
				CLANG_WARN_EMPTY_BODY = YES;
				CLANG_WARN_ENUM_CONVERSION = YES;
				CLANG_WARN_INFINITE_RECURSION = YES;
				CLANG_WARN_INT_CONVERSION = YES;
				CLANG_WARN_NON_LITERAL_NULL_CONVERSION = YES;
				CLANG_WARN_OBJC_IMPLICIT_RETAIN_SELF = YES;
				CLANG_WARN_OBJC_LITERAL_CONVERSION = YES;
				CLANG_WARN_OBJC_ROOT_CLASS = YES_ERROR;
				CLANG_WARN_QUOTED_INCLUDE_IN_FRAMEWORK_HEADER = YES;
				CLANG_WARN_RANGE_LOOP_ANALYSIS = YES;
				CLANG_WARN_STRICT_PROTOTYPES = YES;
				CLANG_WARN_SUSPICIOUS_MOVE = YES;
				CLANG_WARN_UNGUARDED_AVAILABILITY = YES_AGGRESSIVE;
				CLANG_WARN_UNREACHABLE_CODE = YES;
				CLANG_WARN__DUPLICATE_METHOD_MATCH = YES;
				COPY_PHASE_STRIP = NO;
				DEBUG_INFORMATION_FORMAT = "dwarf-with-dsym";
				ENABLE_NS_ASSERTIONS = NO;
				ENABLE_STRICT_OBJC_MSGSEND = YES;
				GCC_C_LANGUAGE_STANDARD = gnu11;
				GCC_NO_COMMON_BLOCKS = YES;
				GCC_WARN_64_TO_32_BIT_CONVERSION = YES;
				GCC_WARN_ABOUT_RETURN_TYPE = YES_ERROR;
				GCC_WARN_UNDECLARED_SELECTOR = YES;
				GCC_WARN_UNINITIALIZED_AUTOS = YES_AGGRESSIVE;
				GCC_WARN_UNUSED_FUNCTION = YES;
				GCC_WARN_UNUSED_VARIABLE = YES;
				IPHONEOS_DEPLOYMENT_TARGET = 14.5;
				MTL_ENABLE_DEBUG_INFO = NO;
				MTL_FAST_MATH = YES;
				SDKROOT = iphoneos;
				SWIFT_COMPILATION_MODE = wholemodule;
				SWIFT_OPTIMIZATION_LEVEL = "-O";
				VALIDATE_PRODUCT = YES;
			};
			name = Release;
		};
		093A15892679116B00D2CD85 /* Debug */ = {
			isa = XCBuildConfiguration;
			buildSettings = {
				ASSETCATALOG_COMPILER_APPICON_NAME = AppIcon;
				ASSETCATALOG_COMPILER_GLOBAL_ACCENT_COLOR_NAME = AccentColor;
				CODE_SIGN_STYLE = Automatic;
				DEVELOPMENT_TEAM = 5FVWNFWN25;
				INFOPLIST_FILE = caixatemclone/Info.plist;
				LD_RUNPATH_SEARCH_PATHS = (
					"$(inherited)",
					"@executable_path/Frameworks",
				);
				PRODUCT_BUNDLE_IDENTIFIER = br.com.carlos.study.caixatemclone;
				PRODUCT_NAME = "$(TARGET_NAME)";
				SWIFT_VERSION = 5.0;
				TARGETED_DEVICE_FAMILY = "1,2";
			};
			name = Debug;
		};
		093A158A2679116B00D2CD85 /* Release */ = {
			isa = XCBuildConfiguration;
			buildSettings = {
				ASSETCATALOG_COMPILER_APPICON_NAME = AppIcon;
				ASSETCATALOG_COMPILER_GLOBAL_ACCENT_COLOR_NAME = AccentColor;
				CODE_SIGN_STYLE = Automatic;
				DEVELOPMENT_TEAM = 5FVWNFWN25;
				INFOPLIST_FILE = caixatemclone/Info.plist;
				LD_RUNPATH_SEARCH_PATHS = (
					"$(inherited)",
					"@executable_path/Frameworks",
				);
				PRODUCT_BUNDLE_IDENTIFIER = br.com.carlos.study.caixatemclone;
				PRODUCT_NAME = "$(TARGET_NAME)";
				SWIFT_VERSION = 5.0;
				TARGETED_DEVICE_FAMILY = "1,2";
			};
			name = Release;
		};
/* End XCBuildConfiguration section */

/* Begin XCConfigurationList section */
		093A156F2679115B00D2CD85 /* Build configuration list for PBXProject "caixatemclone" */ = {
			isa = XCConfigurationList;
			buildConfigurations = (
				093A15862679116B00D2CD85 /* Debug */,
				093A15872679116B00D2CD85 /* Release */,
			);
			defaultConfigurationIsVisible = 0;
			defaultConfigurationName = Release;
		};
		093A15882679116B00D2CD85 /* Build configuration list for PBXNativeTarget "caixatemclone" */ = {
			isa = XCConfigurationList;
			buildConfigurations = (
				093A15892679116B00D2CD85 /* Debug */,
				093A158A2679116B00D2CD85 /* Release */,
			);
			defaultConfigurationIsVisible = 0;
			defaultConfigurationName = Release;
		};
/* End XCConfigurationList section */
	};
	rootObject = 093A156C2679115B00D2CD85 /* Project object */;
}
